
Microsoft Visual Studio Solution File, Format Version 12.00
# Visual Studio Version 16
VisualStudioVersion = 16.0.33130.400
MinimumVisualStudioVersion = 10.0.40219.1
Project("{FAE04EC0-301F-11D3-BF4B-00C04F79EFBC}") = "FormLesson_2", "FormLesson_2\FormLesson_2.csproj", "{48D18316-40A3-4307-932F-306AB9A3345F}"
EndProject
Global
	GlobalSection(SolutionConfigurationPlatforms) = preSolution
		Debug|Any CPU = Debug|Any CPU
		Release|Any CPU = Release|Any CPU
	EndGlobalSection
	GlobalSection(ProjectConfigurationPlatforms) = postSolution
		{48D18316-40A3-4307-932F-306AB9A3345F}.Debug|Any CPU.ActiveCfg = Debug|Any CPU
		{48D18316-40A3-4307-932F-306AB9A3345F}.Debug|Any CPU.Build.0 = Debug|Any CPU
		{48D18316-40A3-4307-932F-306AB9A3345F}.Release|Any CPU.ActiveCfg = Release|Any CPU
		{48D18316-40A3-4307-932F-306AB9A3345F}.Release|Any CPU.Build.0 = Release|Any CPU
	EndGlobalSection
	GlobalSection(SolutionProperties) = preSolution
		HideSolutionNode = FALSE
	EndGlobalSection
	GlobalSection(ExtensibilityGlobals) = postSolution
		SolutionGuid = {37469926-E4E8-4C52-B41A-7EEC86D7940B}
	EndGlobalSection
EndGlobal
